{
    "name": "till-ws",
    "version": "0.0.1",
    "lockfileVersion": 2,
    "requires": true,
    "packages": {
        "": {
            "name": "till-ws",
            "version": "0.0.1",
            "license": "MIT",
            "dependencies": {
                "hkey-extended-promise": "*",
                "till-event": "*",
                "ws": "*"
            },
            "engines": {
                "node": ">=0.1.0"
            }
        },
        "node_modules/hkey-extended-promise": {
            "version": "0.0.1",
            "resolved": "https://registry.npmjs.org/hkey-extended-promise/-/hkey-extended-promise-0.0.1.tgz",
            "integrity": "sha512-Alk8vhCMvAS0/eTAJk3UigOHkX2Lbt4YtMTZ8Oj7GTAghNGLfZVqgANw/bk6yblcT4hYZUZoadu9QqGJ7oz6Vw==",
            "engines": {
                "node": ">=0.1.0"
            }
        },
        "node_modules/till-event": {
            "version": "0.0.1",
            "resolved": "https://registry.npmjs.org/till-event/-/till-event-0.0.1.tgz",
            "integrity": "sha512-77Z6BCkcleb9PDJcBaUu9wsRftiIXMXTpcOssfbLSAtVE42ffMm5G9cluj9spy1UU6IVBtdgkTh1TjpeORCX/Q==",
            "dependencies": {
                "hkey-extended-promise": "*"
            },
            "engines": {
                "node": ">=0.1.0"
            }
        },
        "node_modules/ws": {
            "version": "8.18.0",
            "resolved": "https://registry.npmjs.org/ws/-/ws-8.18.0.tgz",
            "integrity": "sha512-8VbfWfHLbbwu3+N6OKsOMpBdT4kXPDDB9cJk2bJ6mh9ucxdlnNvH1e+roYkKmN9Nxw2yjz7VzeO9oOz2zJ04Pw==",
            "engines": {
                "node": ">=10.0.0"
            },
            "peerDependencies": {
                "bufferutil": "^4.0.1",
                "utf-8-validate": ">=5.0.2"
            },
            "peerDependenciesMeta": {
                "bufferutil": {
                    "optional": true
                },
                "utf-8-validate": {
                    "optional": true
                }
            }
        }
    },
    "dependencies": {
        "hkey-extended-promise": {
            "version": "0.0.1",
            "resolved": "https://registry.npmjs.org/hkey-extended-promise/-/hkey-extended-promise-0.0.1.tgz",
            "integrity": "sha512-Alk8vhCMvAS0/eTAJk3UigOHkX2Lbt4YtMTZ8Oj7GTAghNGLfZVqgANw/bk6yblcT4hYZUZoadu9QqGJ7oz6Vw=="
        },
        "till-event": {
            "version": "0.0.1",
            "resolved": "https://registry.npmjs.org/till-event/-/till-event-0.0.1.tgz",
            "integrity": "sha512-77Z6BCkcleb9PDJcBaUu9wsRftiIXMXTpcOssfbLSAtVE42ffMm5G9cluj9spy1UU6IVBtdgkTh1TjpeORCX/Q==",
            "requires": {
                "hkey-extended-promise": "*"
            }
        },
        "ws": {
            "version": "8.18.0",
            "resolved": "https://registry.npmjs.org/ws/-/ws-8.18.0.tgz",
            "integrity": "sha512-8VbfWfHLbbwu3+N6OKsOMpBdT4kXPDDB9cJk2bJ6mh9ucxdlnNvH1e+roYkKmN9Nxw2yjz7VzeO9oOz2zJ04Pw==",
            "requires": {}
        }
    }
}
